
Microsoft Visual Studio Solution File, Format Version 12.00
# Visual Studio Version 16
VisualStudioVersion = 16.0.33130.400
MinimumVisualStudioVersion = 10.0.40219.1
Project("{FAE04EC0-301F-11D3-BF4B-00C04F79EFBC}") = "UI_SyncContext", "Task_5\UI_SyncContext.csproj", "{27BB7223-3E71-4214-9B57-A1FBD50BD11C}"
EndProject
Global
	GlobalSection(SolutionConfigurationPlatforms) = preSolution
		Debug|Any CPU = Debug|Any CPU
		Release|Any CPU = Release|Any CPU
	EndGlobalSection
	GlobalSection(ProjectConfigurationPlatforms) = postSolution
		{27BB7223-3E71-4214-9B57-A1FBD50BD11C}.Debug|Any CPU.ActiveCfg = Debug|Any CPU
		{27BB7223-3E71-4214-9B57-A1FBD50BD11C}.Debug|Any CPU.Build.0 = Debug|Any CPU
		{27BB7223-3E71-4214-9B57-A1FBD50BD11C}.Release|Any CPU.ActiveCfg = Release|Any CPU
		{27BB7223-3E71-4214-9B57-A1FBD50BD11C}.Release|Any CPU.Build.0 = Release|Any CPU
	EndGlobalSection
	GlobalSection(SolutionProperties) = preSolution
		HideSolutionNode = FALSE
	EndGlobalSection
	GlobalSection(ExtensibilityGlobals) = postSolution
		SolutionGuid = {3D5068DF-0841-4A17-AC3E-69FBE874B55D}
	EndGlobalSection
EndGlobal
